
Microsoft Visual Studio Solution File, Format Version 12.00
# Visual Studio Version 17
VisualStudioVersion = 17.9.34728.123
MinimumVisualStudioVersion = 10.0.40219.1
Project("{FAE04EC0-301F-11D3-BF4B-00C04F79EFBC}") = "SiteMvc", "SiteMvc\SiteMvc.csproj", "{9A297754-7584-4EC5-B77D-689C9F404B3D}"
EndProject
Global
	GlobalSection(SolutionConfigurationPlatforms) = preSolution
		Debug|Any CPU = Debug|Any CPU
		Release|Any CPU = Release|Any CPU
	EndGlobalSection
	GlobalSection(ProjectConfigurationPlatforms) = postSolution
		{9A297754-7584-4EC5-B77D-689C9F404B3D}.Debug|Any CPU.ActiveCfg = Debug|Any CPU
		{9A297754-7584-4EC5-B77D-689C9F404B3D}.Debug|Any CPU.Build.0 = Debug|Any CPU
		{9A297754-7584-4EC5-B77D-689C9F404B3D}.Release|Any CPU.ActiveCfg = Release|Any CPU
		{9A297754-7584-4EC5-B77D-689C9F404B3D}.Release|Any CPU.Build.0 = Release|Any CPU
	EndGlobalSection
	GlobalSection(SolutionProperties) = preSolution
		HideSolutionNode = FALSE
	EndGlobalSection
	GlobalSection(ExtensibilityGlobals) = postSolution
		SolutionGuid = {D9EF414D-EC47-42A5-B80C-4DBC9312644B}
	EndGlobalSection
EndGlobal
